{
  "name": "xahc-scripts",
  "version": "0.0.1",
  "lockfileVersion": 3,
  "requires": true,
  "packages": {
    "": {
      "name": "xahc-scripts",
      "version": "0.0.1",
      "dependencies": {
        "xrpl-binary-codec-prerelease": "*"
      },
      "bin": {
        "verify-emit": "verify-emit.mjs"
      }
    },
    "node_modules/@noble/hashes": {
      "version": "2.2.0",
      "resolved": "https://registry.npmjs.org/@noble/hashes/-/hashes-2.2.0.tgz",
      "integrity": "sha512-IYqDGiTXab6FniAgnSdZwgWbomxpy9FtYvLKs7wCUs2a8RkITG+DFGO1DM9cr+E3/RgADRpFjrKVaJ1z6sjtEg==",
      "license": "MIT",
      "engines": {
        "node": ">= 20.19.0"
      },
      "funding": {
        "url": "https://paulmillr.com/funding/"
      }
    },
    "node_modules/@scure/base": {
      "version": "2.2.0",
      "resolved": "https://registry.npmjs.org/@scure/base/-/base-2.2.0.tgz",
      "integrity": "sha512-b8XEupJibegiXV+tDUseI8oLQc8ei3d/4Jkb2RpbHh3MfE054ov3uIz2dhFkB3FI8iwYkEh0gGCApkrYggkPNg==",
      "license": "MIT",
      "funding": {
        "url": "https://paulmillr.com/funding/"
      }
    },
    "node_modules/@xrplf/isomorphic": {
      "version": "1.0.2",
      "resolved": "https://registry.npmjs.org/@xrplf/isomorphic/-/isomorphic-1.0.2.tgz",
      "integrity": "sha512-ncZUdMXr6VlSXtdoiDi0jTH+gBrgGxwVeEidhoegII3PmyErbQsyj6e+j7acmR4LW/lvBkPkzb9QzRfJH0n3rA==",
      "license": "ISC",
      "dependencies": {
        "@noble/hashes": "^2.0.1",
        "eventemitter3": "5.0.1",
        "ws": "^8.20.0"
      },
      "engines": {
        "node": ">=18.0.0"
      }
    },
    "node_modules/bignumber.js": {
      "version": "9.3.1",
      "resolved": "https://registry.npmjs.org/bignumber.js/-/bignumber.js-9.3.1.tgz",
      "integrity": "sha512-Ko0uX15oIUS7wJ3Rb30Fs6SkVbLmPBAKdlm7q9+ak9bbIeFf0MwuBsQV6z7+X768/cHsfg+WlysDWJcmthjsjQ==",
      "license": "MIT",
      "engines": {
        "node": "*"
      }
    },
    "node_modules/eventemitter3": {
      "version": "5.0.1",
      "resolved": "https://registry.npmjs.org/eventemitter3/-/eventemitter3-5.0.1.tgz",
      "integrity": "sha512-GWkBvjiSZK87ELrYOSESUYeVIc9mvLLf/nXalMOS5dYrgZq9o5OVkbZAVM06CVxYsCwH9BDZFPlQTlPA1j4ahA==",
      "license": "MIT"
    },
    "node_modules/ripple-address-codec": {
      "version": "5.0.1",
      "resolved": "https://registry.npmjs.org/ripple-address-codec/-/ripple-address-codec-5.0.1.tgz",
      "integrity": "sha512-JQHLKuVJV8lv9Qobmn4aUM2Dpv9WRRLKnNWfM8tN02fAbUtG8mUPsu9q9UYX8P76G4qzytEc5ZKMp/3JggNYmw==",
      "license": "ISC",
      "dependencies": {
        "@scure/base": "^2.0.0",
        "@xrplf/isomorphic": "^1.0.2"
      },
      "engines": {
        "node": ">= 18"
      }
    },
    "node_modules/ws": {
      "version": "8.21.0",
      "resolved": "https://registry.npmjs.org/ws/-/ws-8.21.0.tgz",
      "integrity": "sha512-Vsp28b7DRcimFQvrqu2Wek3z1iYxDCWqHYB8Qsnk/S4RfaCQzPGPyBNuVjJV3cd6UiKtUtp6sNM77gWvzcCH+g==",
      "license": "MIT",
      "engines": {
        "node": ">=10.0.0"
      },
      "peerDependencies": {
        "bufferutil": "^4.0.1",
        "utf-8-validate": ">=5.0.2"
      },
      "peerDependenciesMeta": {
        "bufferutil": {
          "optional": true
        },
        "utf-8-validate": {
          "optional": true
        }
      }
    },
    "node_modules/xrpl-binary-codec-prerelease": {
      "version": "9.2.0",
      "resolved": "https://registry.npmjs.org/xrpl-binary-codec-prerelease/-/xrpl-binary-codec-prerelease-9.2.0.tgz",
      "integrity": "sha512-xL8MGgrzWro8Ub9s9l9VtapzBBwn33+Ps7xNC9+F1Y2lBpRGPBW4uP51KgXCse6wHnm98N7ySahgCUR8RNn2yQ==",
      "license": "ISC",
      "dependencies": {
        "@xrplf/isomorphic": "^1.0.1",
        "bignumber.js": "^9.0.0",
        "ripple-address-codec": "^5.0.0"
      },
      "engines": {
        "node": ">= 18"
      }
    }
  }
}
